{
  "name": "server_monitor",
  "version": "1.0.0",
  "lockfileVersion": 1,
  "requires": true,
  "dependencies": {
    "@types/crypto-js": {
      "version": "4.2.2",
      "resolved": "https://registry.npmmirror.com/@types/crypto-js/-/crypto-js-4.2.2.tgz",
      "integrity": "sha512-sDOLlVbHhXpAUAL0YHDUUwDZf3iN4Bwi4W6a0W0b+QcAezUbRtH4FVb+9J4h+XFPW7l/gQ9F8qC7P+Ec4k8QVQ==",
      "dev": true
    },
    "@types/js-cookie": {
      "version": "3.0.6",
      "resolved": "https://registry.npmmirror.com/@types/js-cookie/-/js-cookie-3.0.6.tgz",
      "integrity": "sha512-wkw9yd1kEXOPnvEeEV1Go1MmxtBJL0RR79aOTAApecWFVu7w0NNXNqhcWgvw2YgZDYadliXkl14pa3WXw5jlCQ==",
      "dev": true
    },
    "@vue/composition-api": {
      "version": "1.7.2",
      "resolved": "https://registry.npmmirror.com/@vue/composition-api/-/composition-api-1.7.2.tgz",
      "integrity": "sha512-M8jm9J/laYrYT02665HkZ5l2fWTK4dcVg3BsDHm/pfz+MjDYwX+9FUaZyGwEyXEDonQYRCo0H7aLgdklcIELjw=="
    },
    "@vue/devtools-api": {
      "version": "6.6.4",
      "resolved": "https://registry.npmmirror.com/@vue/devtools-api/-/devtools-api-6.6.4.tgz",
      "integrity": "sha512-sGhTPMuXqZ1rVOk32RylztWkfXTRhuS7vgAKv0zjqk8gbsHkJ7xfFf+jbySxt7tWObEJwyKaHMikV/WGDiQm8g=="
    },
    "crypto-js": {
      "version": "4.2.0",
      "resolved": "https://registry.npmmirror.com/crypto-js/-/crypto-js-4.2.0.tgz",
      "integrity": "sha512-KALDyEYgpY+Rlob/iriUtjV6d5Eq+Y191A5g4UqLAi8CyGP9N1+FdVbkc1SxKc2r4YAYqG8JzO2KGL+AizD70Q=="
    },
    "echarts": {
      "version": "5.5.1",
      "resolved": "https://registry.npmmirror.com/echarts/-/echarts-5.5.1.tgz",
      "integrity": "sha512-Fce8upazaAXUVUVsjgV6mBnGuqgO+JNDlcgF79Dksy4+wgGpQB2lmYoO4TSweFg/mZITdpGHomw/cNBJZj1icA==",
      "requires": {
        "tslib": "2.3.0",
        "zrender": "5.6.0"
      }
    },
    "js-cookie": {
      "version": "3.0.5",
      "resolved": "https://registry.npmmirror.com/js-cookie/-/js-cookie-3.0.5.tgz",
      "integrity": "sha512-cEiJEAEoIbWfCZYKWhVwFuvPX1gETRYPw6LlaTKoxD3s2AkXzkCjnp6h0V77ozyqj0jakteJ4YqDJT830+lVGw=="
    },
    "moment": {
      "version": "2.30.1",
      "resolved": "https://registry.npmmirror.com/moment/-/moment-2.30.1.tgz",
      "integrity": "sha512-uEmtNhbDOrWPFS+hdjFCBfy9f2YoyzRpwcl+DqpC6taX21FzsTLQVbMV/W7PzNSX6x/bhC1zA3c2UQ5NzH6how=="
    },
    "pinia": {
      "version": "2.2.4",
      "resolved": "https://registry.npmmirror.com/pinia/-/pinia-2.2.4.tgz",
      "integrity": "sha512-K7ZhpMY9iJ9ShTC0cR2+PnxdQRuwVIsXDO/WIEV/RnMC/vmSoKDTKW/exNQYPI+4ij10UjXqdNiEHwn47McANQ==",
      "requires": {
        "@vue/devtools-api": "^6.6.3",
        "vue-demi": "^0.14.10"
      }
    },
    "pinia-class-component": {
      "version": "0.9.4",
      "resolved": "https://registry.npmmirror.com/pinia-class-component/-/pinia-class-component-0.9.4.tgz",
      "integrity": "sha512-5FXPqSdlLNhbfToSYeyLsM0hXtgdmYyHuotgutrkYqTRF6CO1aBPMTQfLnEMsJajqK7kajhBlBYn1xaXgsg1YA=="
    },
    "sortablejs": {
      "version": "1.15.3",
      "resolved": "https://registry.npmmirror.com/sortablejs/-/sortablejs-1.15.3.tgz",
      "integrity": "sha512-zdK3/kwwAK1cJgy1rwl1YtNTbRmc8qW/+vgXf75A7NHag5of4pyI6uK86ktmQETyWRH7IGaE73uZOOBcGxgqZg=="
    },
    "tslib": {
      "version": "2.3.0",
      "resolved": "https://registry.npmmirror.com/tslib/-/tslib-2.3.0.tgz",
      "integrity": "sha512-N82ooyxVNm6h1riLCoyS9e3fuJ3AMG2zIZs2Gd1ATcSFjSA23Q0fzjjZeh0jbJvWVDZ0cJT8yaNNaaXHzueNjg=="
    },
    "vue-demi": {
      "version": "0.14.10",
      "resolved": "https://registry.npmmirror.com/vue-demi/-/vue-demi-0.14.10.tgz",
      "integrity": "sha512-nMZBOwuzabUO0nLgIcc6rycZEebF6eeUfaiQx9+WSk8e29IbLvPU9feI6tqW4kTo3hvoYAJkMh8n8D0fuISphg=="
    },
    "zrender": {
      "version": "5.6.0",
      "resolved": "https://registry.npmmirror.com/zrender/-/zrender-5.6.0.tgz",
      "integrity": "sha512-uzgraf4njmmHAbEUxMJ8Oxg+P3fT04O+9p7gY+wJRVxo8Ge+KmYv0WJev945EH4wFuc4OY2NLXz46FZrWS9xJg==",
      "requires": {
        "tslib": "2.3.0"
      }
    }
  }
}
